
Microsoft Visual Studio Solution File, Format Version 12.00
# Visual Studio Version 16
VisualStudioVersion = 16.0.29318.209
MinimumVisualStudioVersion = 10.0.40219.1
Project("{888888A0-9F3D-457C-B088-3A5042F75D52}") = "GRAD2", "GRAD2.pyproj", "{F795CCB8-5E16-42D5-8620-7E94F3EF629B}"
EndProject
Global
	GlobalSection(SolutionConfigurationPlatforms) = preSolution
		Debug|Any CPU = Debug|Any CPU
		Release|Any CPU = Release|Any CPU
	EndGlobalSection
	GlobalSection(ProjectConfigurationPlatforms) = postSolution
		{F795CCB8-5E16-42D5-8620-7E94F3EF629B}.Debug|Any CPU.ActiveCfg = Debug|Any CPU
		{F795CCB8-5E16-42D5-8620-7E94F3EF629B}.Release|Any CPU.ActiveCfg = Release|Any CPU
	EndGlobalSection
	GlobalSection(SolutionProperties) = preSolution
		HideSolutionNode = FALSE
	EndGlobalSection
	GlobalSection(ExtensibilityGlobals) = postSolution
		SolutionGuid = {8A1AC2BD-9481-4972-AE77-E928BC91165B}
	EndGlobalSection
EndGlobal
